
Microsoft Visual Studio Solution File, Format Version 12.00
# Visual Studio 15
VisualStudioVersion = 15.0.28010.2041
MinimumVisualStudioVersion = 10.0.40219.1
Project("{FAE04EC0-301F-11D3-BF4B-00C04F79EFBC}") = "CRC32", "CRC32\CRC32.csproj", "{ABC18797-D445-4B82-8227-EA0D0BDF4AA6}"
EndProject
Project("{FAE04EC0-301F-11D3-BF4B-00C04F79EFBC}") = "Example", "Example\Example.csproj", "{5174D6F5-53CB-480F-94EF-7BAA7C142D19}"
	ProjectSection(ProjectDependencies) = postProject
		{ABC18797-D445-4B82-8227-EA0D0BDF4AA6} = {ABC18797-D445-4B82-8227-EA0D0BDF4AA6}
	EndProjectSection
EndProject
Project("{FAE04EC0-301F-11D3-BF4B-00C04F79EFBC}") = "Tests", "Tests\Tests.csproj", "{1B73AF85-0E5C-4154-9ACD-497042B2D958}"
	ProjectSection(ProjectDependencies) = postProject
		{ABC18797-D445-4B82-8227-EA0D0BDF4AA6} = {ABC18797-D445-4B82-8227-EA0D0BDF4AA6}
	EndProjectSection
EndProject
Global
	GlobalSection(SolutionConfigurationPlatforms) = preSolution
		Debug|Any CPU = Debug|Any CPU
		Release|Any CPU = Release|Any CPU
	EndGlobalSection
	GlobalSection(ProjectConfigurationPlatforms) = postSolution
		{ABC18797-D445-4B82-8227-EA0D0BDF4AA6}.Debug|Any CPU.ActiveCfg = Debug|Any CPU
		{ABC18797-D445-4B82-8227-EA0D0BDF4AA6}.Debug|Any CPU.Build.0 = Debug|Any CPU
		{ABC18797-D445-4B82-8227-EA0D0BDF4AA6}.Release|Any CPU.ActiveCfg = Release|Any CPU
		{ABC18797-D445-4B82-8227-EA0D0BDF4AA6}.Release|Any CPU.Build.0 = Release|Any CPU
		{5174D6F5-53CB-480F-94EF-7BAA7C142D19}.Debug|Any CPU.ActiveCfg = Debug|Any CPU
		{5174D6F5-53CB-480F-94EF-7BAA7C142D19}.Debug|Any CPU.Build.0 = Debug|Any CPU
		{5174D6F5-53CB-480F-94EF-7BAA7C142D19}.Release|Any CPU.ActiveCfg = Release|Any CPU
		{5174D6F5-53CB-480F-94EF-7BAA7C142D19}.Release|Any CPU.Build.0 = Release|Any CPU
		{1B73AF85-0E5C-4154-9ACD-497042B2D958}.Debug|Any CPU.ActiveCfg = Debug|Any CPU
		{1B73AF85-0E5C-4154-9ACD-497042B2D958}.Debug|Any CPU.Build.0 = Debug|Any CPU
		{1B73AF85-0E5C-4154-9ACD-497042B2D958}.Release|Any CPU.ActiveCfg = Release|Any CPU
		{1B73AF85-0E5C-4154-9ACD-497042B2D958}.Release|Any CPU.Build.0 = Release|Any CPU
	EndGlobalSection
	GlobalSection(SolutionProperties) = preSolution
		HideSolutionNode = FALSE
	EndGlobalSection
	GlobalSection(ExtensibilityGlobals) = postSolution
		SolutionGuid = {AE8A65E9-453F-4E38-8C85-59D8BFAA1454}
	EndGlobalSection
EndGlobal
